
Microsoft Visual Studio Solution File, Format Version 12.00
# Visual Studio Version 17
VisualStudioVersion = 17.9.34622.214
MinimumVisualStudioVersion = 10.0.40219.1
Project("{FAE04EC0-301F-11D3-BF4B-00C04F79EFBC}") = "TestTechniqueNGUYEN", "TestTechniqueNGUYEN\TestTechniqueNGUYEN.csproj", "{8D47CBC8-E9DE-43E8-9570-D8E294AD759D}"
EndProject
Global
	GlobalSection(SolutionConfigurationPlatforms) = preSolution
		Debug|Any CPU = Debug|Any CPU
		Release|Any CPU = Release|Any CPU
	EndGlobalSection
	GlobalSection(ProjectConfigurationPlatforms) = postSolution
		{8D47CBC8-E9DE-43E8-9570-D8E294AD759D}.Debug|Any CPU.ActiveCfg = Debug|Any CPU
		{8D47CBC8-E9DE-43E8-9570-D8E294AD759D}.Debug|Any CPU.Build.0 = Debug|Any CPU
		{8D47CBC8-E9DE-43E8-9570-D8E294AD759D}.Release|Any CPU.ActiveCfg = Release|Any CPU
		{8D47CBC8-E9DE-43E8-9570-D8E294AD759D}.Release|Any CPU.Build.0 = Release|Any CPU
	EndGlobalSection
	GlobalSection(SolutionProperties) = preSolution
		HideSolutionNode = FALSE
	EndGlobalSection
	GlobalSection(ExtensibilityGlobals) = postSolution
		SolutionGuid = {A81369B5-2646-4ABF-AAAC-5FA79E1CDFEB}
	EndGlobalSection
EndGlobal
